
Microsoft Visual Studio Solution File, Format Version 12.00
# Visual Studio 15
VisualStudioVersion = 15.0.27130.2027
MinimumVisualStudioVersion = 10.0.40219.1
Project("{FAE04EC0-301F-11D3-BF4B-00C04F79EFBC}") = "FinalDbExam.Android", "FinalDbExam\FinalDbExam.Android\FinalDbExam.Android.csproj", "{EDF79306-70C9-48EA-868B-95890A6CFB86}"
EndProject
Project("{FAE04EC0-301F-11D3-BF4B-00C04F79EFBC}") = "FinalDbExam", "FinalDbExam\FinalDbExam\FinalDbExam.csproj", "{D253DFFB-0569-488A-806B-65E686FD3E8B}"
EndProject
Global
	GlobalSection(SolutionConfigurationPlatforms) = preSolution
		Debug|Any CPU = Debug|Any CPU
		Release|Any CPU = Release|Any CPU
	EndGlobalSection
	GlobalSection(ProjectConfigurationPlatforms) = postSolution
		{EDF79306-70C9-48EA-868B-95890A6CFB86}.Debug|Any CPU.ActiveCfg = Debug|Any CPU
		{EDF79306-70C9-48EA-868B-95890A6CFB86}.Debug|Any CPU.Build.0 = Debug|Any CPU
		{EDF79306-70C9-48EA-868B-95890A6CFB86}.Debug|Any CPU.Deploy.0 = Debug|Any CPU
		{EDF79306-70C9-48EA-868B-95890A6CFB86}.Release|Any CPU.ActiveCfg = Release|Any CPU
		{EDF79306-70C9-48EA-868B-95890A6CFB86}.Release|Any CPU.Build.0 = Release|Any CPU
		{EDF79306-70C9-48EA-868B-95890A6CFB86}.Release|Any CPU.Deploy.0 = Release|Any CPU
		{D253DFFB-0569-488A-806B-65E686FD3E8B}.Debug|Any CPU.ActiveCfg = Debug|Any CPU
		{D253DFFB-0569-488A-806B-65E686FD3E8B}.Debug|Any CPU.Build.0 = Debug|Any CPU
		{D253DFFB-0569-488A-806B-65E686FD3E8B}.Release|Any CPU.ActiveCfg = Release|Any CPU
		{D253DFFB-0569-488A-806B-65E686FD3E8B}.Release|Any CPU.Build.0 = Release|Any CPU
	EndGlobalSection
	GlobalSection(SolutionProperties) = preSolution
		HideSolutionNode = FALSE
	EndGlobalSection
	GlobalSection(ExtensibilityGlobals) = postSolution
		SolutionGuid = {8342A265-0BD3-4948-8920-8AB27FA0DB9B}
	EndGlobalSection
EndGlobal
